# THIS IS AN AUTOGENERATED FILE. DO NOT EDIT THIS FILE DIRECTLY.
# yarn lockfile v1


"@types/k6@0.45.0":
  version "0.45.0"
  resolved "https://registry.yarnpkg.com/@types/k6/-/k6-0.45.0.tgz#0d678cdbbb2d54fd057296835a11b36b3be6ab96"
  integrity sha512-ySQ1LQ67kqYz/4W6oJ/9afPWHV/2GYKVUQFkOzM+fBtY2POCY8D7GX4F6rT0R8u2Be/DK8s1Ypr2s+LbToj/oA==

k6@0.0.0:
  version "0.0.0"
  resolved "https://registry.yarnpkg.com/k6/-/k6-0.0.0.tgz#8c923200be0a68c578e8f5a32be96b1d8065cc3b"
  integrity sha512-GAQSWayS2+LjbH5bkRi+pMPYyP1JSp7o+4j58ANZ762N/RH/SdlAT3CHHztnn8s/xgg8kYNM24Gd2IPo9b5W+g==
